{
  "nodes": {
    "dsh": {
      "flake": false,
      "locked": {
        "lastModified": 1788799579,
        "narHash": "sha256-QXEq9OMFLpJBTjTBUYw614Mmz7coB/QbToi0XyYiWJs=",
        "owner": "deepseek-ai",
        "repo": "deepseek-harness",
        "rev": "c389f96bf3a9b6807cb71ed6bdad5849be0df6d8",
        "type": "github"
      },
      "original": {
        "owner": "deepseek-ai",
        "repo": "deepseek-harness",
        "rev": "c389f96bf3a9b6807cb71ed6bdad5849be0df6d8",
        "type": "github"
      }
    },
    "nixpkgs": {
      "locked": {
        "lastModified": 1786599213,
        "narHash": "sha256-yNJd40f11EzXBjSByCB7IPpeFFAdeoSKKM67dGkfFoU=",
        "owner": "NixOS",
        "repo": "nixpkgs",
        "rev": "0e251e24a4f24e036a084b6b4b2d2491af4167f4",
        "type": "github"
      },
      "original": {
        "owner": "NixOS",
        "ref": "nixos-unstable",
        "repo": "nixpkgs",
        "type": "github"
      }
    },
    "root": {
      "inputs": {
        "dsh": "dsh",
        "nixpkgs": "nixpkgs"
      }
    }
  },
  "root": "root",
  "version": 7
}
